
Microsoft Visual Studio Solution File, Format Version 12.00
# Visual Studio Version 17
VisualStudioVersion = 17.5.33414.496
MinimumVisualStudioVersion = 10.0.40219.1
Project("{9A19103F-16F7-4668-BE54-9A1E7A4F7556}") = "API", "API\API.csproj", "{B217F224-399C-4601-83C4-C84FED5BBCA9}"
EndProject
Project("{9A19103F-16F7-4668-BE54-9A1E7A4F7556}") = "Core", "Core\Core.csproj", "{C2936789-0D4F-4E33-A4CB-ACFF40E4EBBD}"
EndProject
Project("{9A19103F-16F7-4668-BE54-9A1E7A4F7556}") = "Infrastructure", "Infrastructure\Infrastructure.csproj", "{03007720-C930-426B-A211-12AEBB24D253}"
EndProject
Global
	GlobalSection(SolutionConfigurationPlatforms) = preSolution
		Debug|Any CPU = Debug|Any CPU
		Release|Any CPU = Release|Any CPU
	EndGlobalSection
	GlobalSection(ProjectConfigurationPlatforms) = postSolution
		{B217F224-399C-4601-83C4-C84FED5BBCA9}.Debug|Any CPU.ActiveCfg = Debug|Any CPU
		{B217F224-399C-4601-83C4-C84FED5BBCA9}.Debug|Any CPU.Build.0 = Debug|Any CPU
		{B217F224-399C-4601-83C4-C84FED5BBCA9}.Release|Any CPU.ActiveCfg = Release|Any CPU
		{B217F224-399C-4601-83C4-C84FED5BBCA9}.Release|Any CPU.Build.0 = Release|Any CPU
		{C2936789-0D4F-4E33-A4CB-ACFF40E4EBBD}.Debug|Any CPU.ActiveCfg = Debug|Any CPU
		{C2936789-0D4F-4E33-A4CB-ACFF40E4EBBD}.Debug|Any CPU.Build.0 = Debug|Any CPU
		{C2936789-0D4F-4E33-A4CB-ACFF40E4EBBD}.Release|Any CPU.ActiveCfg = Release|Any CPU
		{C2936789-0D4F-4E33-A4CB-ACFF40E4EBBD}.Release|Any CPU.Build.0 = Release|Any CPU
		{03007720-C930-426B-A211-12AEBB24D253}.Debug|Any CPU.ActiveCfg = Debug|Any CPU
		{03007720-C930-426B-A211-12AEBB24D253}.Debug|Any CPU.Build.0 = Debug|Any CPU
		{03007720-C930-426B-A211-12AEBB24D253}.Release|Any CPU.ActiveCfg = Release|Any CPU
		{03007720-C930-426B-A211-12AEBB24D253}.Release|Any CPU.Build.0 = Release|Any CPU
	EndGlobalSection
	GlobalSection(SolutionProperties) = preSolution
		HideSolutionNode = FALSE
	EndGlobalSection
	GlobalSection(ExtensibilityGlobals) = postSolution
		SolutionGuid = {D52FDD57-DF19-4B92-8E83-F2A65A8EECEE}
	EndGlobalSection
EndGlobal
